PODS:
  - Alamofire (5.4.3)
  - libwebp (1.2.0):
    - libwebp/demux (= 1.2.0)
    - libwebp/mux (= 1.2.0)
    - libwebp/webp (= 1.2.0)
  - libwebp/demux (1.2.0):
    - libwebp/webp
  - libwebp/mux (1.2.0):
    - libwebp/demux
  - libwebp/webp (1.2.0)
  - SDWebImage/Core (4.4.8)
  - SDWebImage/WebP (4.4.8):
    - libwebp (< 2.0, >= 0.5)
    - SDWebImage/Core

DEPENDENCIES:
  - Alamofire (~> 5.2)
  - SDWebImage/WebP

SPEC REPOS:
  trunk:
    - Alamofire
    - libwebp
    - SDWebImage

SPEC CHECKSUMS:
  Alamofire: e447a2774a40c996748296fa2c55112fdbbc42f9
  libwebp: e90b9c01d99205d03b6bb8f2c8c415e5a4ef66f0
  SDWebImage: 783af2c3fa36291a250030c4752ee370a9a51d13

PODFILE CHECKSUM: a3b4e425fbfa1d2b13bf645bfb83d3e44bbf3aca

COCOAPODS: 1.10.1
